
Microsoft Visual Studio Solution File, Format Version 12.00
# Visual Studio 15
VisualStudioVersion = 15.0.26730.10
MinimumVisualStudioVersion = 10.0.40219.1
Project("{FAE04EC0-301F-11D3-BF4B-00C04F79EFBC}") = "Guia1.Android", "Guia1\Guia1.Android\Guia1.Android.csproj", "{E1157A0C-A3EF-48AE-8199-0402CF6459C0}"
EndProject
Project("{FAE04EC0-301F-11D3-BF4B-00C04F79EFBC}") = "Guia1", "Guia1\Guia1\Guia1.csproj", "{B8DF8BBA-C5EA-4809-AA63-0A779861478B}"
EndProject
Project("{FAE04EC0-301F-11D3-BF4B-00C04F79EFBC}") = "Guia1.UWP", "Guia1\Guia1.UWP\Guia1.UWP.csproj", "{84B4A6C4-4A95-4DD1-994E-2675FC93E017}"
EndProject
Project("{FAE04EC0-301F-11D3-BF4B-00C04F79EFBC}") = "Guia1.iOS", "Guia1\Guia1.iOS\Guia1.iOS.csproj", "{EDEC3A7A-547F-4C77-A308-6F8E8E91D7E4}"
EndProject
Global
	GlobalSection(SolutionConfigurationPlatforms) = preSolution
		Ad-Hoc|Any CPU = Ad-Hoc|Any CPU
		Ad-Hoc|ARM = Ad-Hoc|ARM
		Ad-Hoc|iPhone = Ad-Hoc|iPhone
		Ad-Hoc|iPhoneSimulator = Ad-Hoc|iPhoneSimulator
		Ad-Hoc|x64 = Ad-Hoc|x64
		Ad-Hoc|x86 = Ad-Hoc|x86
		AppStore|Any CPU = AppStore|Any CPU
		AppStore|ARM = AppStore|ARM
		AppStore|iPhone = AppStore|iPhone
		AppStore|iPhoneSimulator = AppStore|iPhoneSimulator
		AppStore|x64 = AppStore|x64
		AppStore|x86 = AppStore|x86
		Debug|Any CPU = Debug|Any CPU
		Debug|ARM = Debug|ARM
		Debug|iPhone = Debug|iPhone
		Debug|iPhoneSimulator = Debug|iPhoneSimulator
		Debug|x64 = Debug|x64
		Debug|x86 = Debug|x86
		Release|Any CPU = Release|Any CPU
		Release|ARM = Release|ARM
		Release|iPhone = Release|iPhone
		Release|iPhoneSimulator = Release|iPhoneSimulator
		Release|x64 = Release|x64
		Release|x86 = Release|x86
	EndGlobalSection
	GlobalSection(ProjectConfigurationPlatforms) = postSolution
		{E1157A0C-A3EF-48AE-8199-0402CF6459C0}.Ad-Hoc|Any CPU.ActiveCfg = Release|Any CPU
		{E1157A0C-A3EF-48AE-8199-0402CF6459C0}.Ad-Hoc|Any CPU.Build.0 = Release|Any CPU
		{E1157A0C-A3EF-48AE-8199-0402CF6459C0}.Ad-Hoc|Any CPU.Deploy.0 = Release|Any CPU
		{E1157A0C-A3EF-48AE-8199-0402CF6459C0}.Ad-Hoc|ARM.ActiveCfg = Release|Any CPU
		{E1157A0C-A3EF-48AE-8199-0402CF6459C0}.Ad-Hoc|ARM.Build.0 = Release|Any CPU
		{E1157A0C-A3EF-48AE-8199-0402CF6459C0}.Ad-Hoc|ARM.Deploy.0 = Release|Any CPU
		{E1157A0C-A3EF-48AE-8199-0402CF6459C0}.Ad-Hoc|iPhone.ActiveCfg = Release|Any CPU
		{E1157A0C-A3EF-48AE-8199-0402CF6459C0}.Ad-Hoc|iPhone.Build.0 = Release|Any CPU
		{E1157A0C-A3EF-48AE-8199-0402CF6459C0}.Ad-Hoc|iPhone.Deploy.0 = Release|Any CPU
		{E1157A0C-A3EF-48AE-8199-0402CF6459C0}.Ad-Hoc|iPhoneSimulator.ActiveCfg = Release|Any CPU
		{E1157A0C-A3EF-48AE-8199-0402CF6459C0}.Ad-Hoc|iPhoneSimulator.Build.0 = Release|Any CPU
		{E1157A0C-A3EF-48AE-8199-0402CF6459C0}.Ad-Hoc|iPhoneSimulator.Deploy.0 = Release|Any CPU
		{E1157A0C-A3EF-48AE-8199-0402CF6459C0}.Ad-Hoc|x64.ActiveCfg = Release|Any CPU
		{E1157A0C-A3EF-48AE-8199-0402CF6459C0}.Ad-Hoc|x64.Build.0 = Release|Any CPU
		{E1157A0C-A3EF-48AE-8199-0402CF6459C0}.Ad-Hoc|x64.Deploy.0 = Release|Any CPU
		{E1157A0C-A3EF-48AE-8199-0402CF6459C0}.Ad-Hoc|x86.ActiveCfg = Release|Any CPU
		{E1157A0C-A3EF-48AE-8199-0402CF6459C0}.Ad-Hoc|x86.Build.0 = Release|Any CPU
		{E1157A0C-A3EF-48AE-8199-0402CF6459C0}.Ad-Hoc|x86.Deploy.0 = Release|Any CPU
		{E1157A0C-A3EF-48AE-8199-0402CF6459C0}.AppStore|Any CPU.ActiveCfg = Release|Any CPU
		{E1157A0C-A3EF-48AE-8199-0402CF6459C0}.AppStore|Any CPU.Build.0 = Release|Any CPU
		{E1157A0C-A3EF-48AE-8199-0402CF6459C0}.AppStore|Any CPU.Deploy.0 = Release|Any CPU
		{E1157A0C-A3EF-48AE-8199-0402CF6459C0}.AppStore|ARM.ActiveCfg = Release|Any CPU
		{E1157A0C-A3EF-48AE-8199-0402CF6459C0}.AppStore|ARM.Build.0 = Release|Any CPU
		{E1157A0C-A3EF-48AE-8199-0402CF6459C0}.AppStore|ARM.Deploy.0 = Release|Any CPU
		{E1157A0C-A3EF-48AE-8199-0402CF6459C0}.AppStore|iPhone.ActiveCfg = Release|Any CPU
		{E1157A0C-A3EF-48AE-8199-0402CF6459C0}.AppStore|iPhone.Build.0 = Release|Any CPU
		{E1157A0C-A3EF-48AE-8199-0402CF6459C0}.AppStore|iPhone.Deploy.0 = Release|Any CPU
		{E1157A0C-A3EF-48AE-8199-0402CF6459C0}.AppStore|iPhoneSimulator.ActiveCfg = Release|Any CPU
		{E1157A0C-A3EF-48AE-8199-0402CF6459C0}.AppStore|iPhoneSimulator.Build.0 = Release|Any CPU
		{E1157A0C-A3EF-48AE-8199-0402CF6459C0}.AppStore|iPhoneSimulator.Deploy.0 = Release|Any CPU
		{E1157A0C-A3EF-48AE-8199-0402CF6459C0}.AppStore|x64.ActiveCfg = Release|Any CPU
		{E1157A0C-A3EF-48AE-8199-0402CF6459C0}.AppStore|x64.Build.0 = Release|Any CPU
		{E1157A0C-A3EF-48AE-8199-0402CF6459C0}.AppStore|x64.Deploy.0 = Release|Any CPU
		{E1157A0C-A3EF-48AE-8199-0402CF6459C0}.AppStore|x86.ActiveCfg = Release|Any CPU
		{E1157A0C-A3EF-48AE-8199-0402CF6459C0}.AppStore|x86.Build.0 = Release|Any CPU
		{E1157A0C-A3EF-48AE-8199-0402CF6459C0}.AppStore|x86.Deploy.0 = Release|Any CPU
		{E1157A0C-A3EF-48AE-8199-0402CF6459C0}.Debug|Any CPU.ActiveCfg = Debug|Any CPU
		{E1157A0C-A3EF-48AE-8199-0402CF6459C0}.Debug|Any CPU.Build.0 = Debug|Any CPU
		{E1157A0C-A3EF-48AE-8199-0402CF6459C0}.Debug|Any CPU.Deploy.0 = Debug|Any CPU
		{E1157A0C-A3EF-48AE-8199-0402CF6459C0}.Debug|ARM.ActiveCfg = Debug|Any CPU
		{E1157A0C-A3EF-48AE-8199-0402CF6459C0}.Debug|ARM.Build.0 = Debug|Any CPU
		{E1157A0C-A3EF-48AE-8199-0402CF6459C0}.Debug|ARM.Deploy.0 = Debug|Any CPU
		{E1157A0C-A3EF-48AE-8199-0402CF6459C0}.Debug|iPhone.ActiveCfg = Debug|Any CPU
		{E1157A0C-A3EF-48AE-8199-0402CF6459C0}.Debug|iPhone.Build.0 = Debug|Any CPU
		{E1157A0C-A3EF-48AE-8199-0402CF6459C0}.Debug|iPhone.Deploy.0 = Debug|Any CPU
		{E1157A0C-A3EF-48AE-8199-0402CF6459C0}.Debug|iPhoneSimulator.ActiveCfg = Debug|Any CPU
		{E1157A0C-A3EF-48AE-8199-0402CF6459C0}.Debug|iPhoneSimulator.Build.0 = Debug|Any CPU
		{E1157A0C-A3EF-48AE-8199-0402CF6459C0}.Debug|iPhoneSimulator.Deploy.0 = Debug|Any CPU
		{E1157A0C-A3EF-48AE-8199-0402CF6459C0}.Debug|x64.ActiveCfg = Debug|Any CPU
		{E1157A0C-A3EF-48AE-8199-0402CF6459C0}.Debug|x64.Build.0 = Debug|Any CPU
		{E1157A0C-A3EF-48AE-8199-0402CF6459C0}.Debug|x64.Deploy.0 = Debug|Any CPU
		{E1157A0C-A3EF-48AE-8199-0402CF6459C0}.Debug|x86.ActiveCfg = Debug|Any CPU
		{E1157A0C-A3EF-48AE-8199-0402CF6459C0}.Debug|x86.Build.0 = Debug|Any CPU
		{E1157A0C-A3EF-48AE-8199-0402CF6459C0}.Debug|x86.Deploy.0 = Debug|Any CPU
		{E1157A0C-A3EF-48AE-8199-0402CF6459C0}.Release|Any CPU.ActiveCfg = Release|Any CPU
		{E1157A0C-A3EF-48AE-8199-0402CF6459C0}.Release|Any CPU.Build.0 = Release|Any CPU
		{E1157A0C-A3EF-48AE-8199-0402CF6459C0}.Release|Any CPU.Deploy.0 = Release|Any CPU
		{E1157A0C-A3EF-48AE-8199-0402CF6459C0}.Release|ARM.ActiveCfg = Release|Any CPU
		{E1157A0C-A3EF-48AE-8199-0402CF6459C0}.Release|ARM.Build.0 = Release|Any CPU
		{E1157A0C-A3EF-48AE-8199-0402CF6459C0}.Release|ARM.Deploy.0 = Release|Any CPU
		{E1157A0C-A3EF-48AE-8199-0402CF6459C0}.Release|iPhone.ActiveCfg = Release|Any CPU
		{E1157A0C-A3EF-48AE-8199-0402CF6459C0}.Release|iPhone.Build.0 = Release|Any CPU
		{E1157A0C-A3EF-48AE-8199-0402CF6459C0}.Release|iPhone.Deploy.0 = Release|Any CPU
		{E1157A0C-A3EF-48AE-8199-0402CF6459C0}.Release|iPhoneSimulator.ActiveCfg = Release|Any CPU
		{E1157A0C-A3EF-48AE-8199-0402CF6459C0}.Release|iPhoneSimulator.Build.0 = Release|Any CPU
		{E1157A0C-A3EF-48AE-8199-0402CF6459C0}.Release|iPhoneSimulator.Deploy.0 = Release|Any CPU
		{E1157A0C-A3EF-48AE-8199-0402CF6459C0}.Release|x64.ActiveCfg = Release|Any CPU
		{E1157A0C-A3EF-48AE-8199-0402CF6459C0}.Release|x64.Build.0 = Release|Any CPU
		{E1157A0C-A3EF-48AE-8199-0402CF6459C0}.Release|x64.Deploy.0 = Release|Any CPU
		{E1157A0C-A3EF-48AE-8199-0402CF6459C0}.Release|x86.ActiveCfg = Release|Any CPU
		{E1157A0C-A3EF-48AE-8199-0402CF6459C0}.Release|x86.Build.0 = Release|Any CPU
		{E1157A0C-A3EF-48AE-8199-0402CF6459C0}.Release|x86.Deploy.0 = Release|Any CPU
		{B8DF8BBA-C5EA-4809-AA63-0A779861478B}.Ad-Hoc|Any CPU.ActiveCfg = Release|Any CPU
		{B8DF8BBA-C5EA-4809-AA63-0A779861478B}.Ad-Hoc|Any CPU.Build.0 = Release|Any CPU
		{B8DF8BBA-C5EA-4809-AA63-0A779861478B}.Ad-Hoc|ARM.ActiveCfg = Release|Any CPU
		{B8DF8BBA-C5EA-4809-AA63-0A779861478B}.Ad-Hoc|ARM.Build.0 = Release|Any CPU
		{B8DF8BBA-C5EA-4809-AA63-0A779861478B}.Ad-Hoc|iPhone.ActiveCfg = Release|Any CPU
		{B8DF8BBA-C5EA-4809-AA63-0A779861478B}.Ad-Hoc|iPhone.Build.0 = Release|Any CPU
		{B8DF8BBA-C5EA-4809-AA63-0A779861478B}.Ad-Hoc|iPhoneSimulator.ActiveCfg = Release|Any CPU
		{B8DF8BBA-C5EA-4809-AA63-0A779861478B}.Ad-Hoc|iPhoneSimulator.Build.0 = Release|Any CPU
		{B8DF8BBA-C5EA-4809-AA63-0A779861478B}.Ad-Hoc|x64.ActiveCfg = Release|Any CPU
		{B8DF8BBA-C5EA-4809-AA63-0A779861478B}.Ad-Hoc|x64.Build.0 = Release|Any CPU
		{B8DF8BBA-C5EA-4809-AA63-0A779861478B}.Ad-Hoc|x86.ActiveCfg = Release|Any CPU
		{B8DF8BBA-C5EA-4809-AA63-0A779861478B}.Ad-Hoc|x86.Build.0 = Release|Any CPU
		{B8DF8BBA-C5EA-4809-AA63-0A779861478B}.AppStore|Any CPU.ActiveCfg = Release|Any CPU
		{B8DF8BBA-C5EA-4809-AA63-0A779861478B}.AppStore|Any CPU.Build.0 = Release|Any CPU
		{B8DF8BBA-C5EA-4809-AA63-0A779861478B}.AppStore|ARM.ActiveCfg = Release|Any CPU
		{B8DF8BBA-C5EA-4809-AA63-0A779861478B}.AppStore|ARM.Build.0 = Release|Any CPU
		{B8DF8BBA-C5EA-4809-AA63-0A779861478B}.AppStore|iPhone.ActiveCfg = Release|Any CPU
		{B8DF8BBA-C5EA-4809-AA63-0A779861478B}.AppStore|iPhone.Build.0 = Release|Any CPU
		{B8DF8BBA-C5EA-4809-AA63-0A779861478B}.AppStore|iPhoneSimulator.ActiveCfg = Release|Any CPU
		{B8DF8BBA-C5EA-4809-AA63-0A779861478B}.AppStore|iPhoneSimulator.Build.0 = Release|Any CPU
		{B8DF8BBA-C5EA-4809-AA63-0A779861478B}.AppStore|x64.ActiveCfg = Release|Any CPU
		{B8DF8BBA-C5EA-4809-AA63-0A779861478B}.AppStore|x64.Build.0 = Release|Any CPU
		{B8DF8BBA-C5EA-4809-AA63-0A779861478B}.AppStore|x86.ActiveCfg = Release|Any CPU
		{B8DF8BBA-C5EA-4809-AA63-0A779861478B}.AppStore|x86.Build.0 = Release|Any CPU
		{B8DF8BBA-C5EA-4809-AA63-0A779861478B}.Debug|Any CPU.ActiveCfg = Debug|Any CPU
		{B8DF8BBA-C5EA-4809-AA63-0A779861478B}.Debug|Any CPU.Build.0 = Debug|Any CPU
		{B8DF8BBA-C5EA-4809-AA63-0A779861478B}.Debug|ARM.ActiveCfg = Debug|Any CPU
		{B8DF8BBA-C5EA-4809-AA63-0A779861478B}.Debug|ARM.Build.0 = Debug|Any CPU
		{B8DF8BBA-C5EA-4809-AA63-0A779861478B}.Debug|iPhone.ActiveCfg = Debug|Any CPU
		{B8DF8BBA-C5EA-4809-AA63-0A779861478B}.Debug|iPhone.Build.0 = Debug|Any CPU
		{B8DF8BBA-C5EA-4809-AA63-0A779861478B}.Debug|iPhoneSimulator.ActiveCfg = Debug|Any CPU
		{B8DF8BBA-C5EA-4809-AA63-0A779861478B}.Debug|iPhoneSimulator.Build.0 = Debug|Any CPU
		{B8DF8BBA-C5EA-4809-AA63-0A779861478B}.Debug|x64.ActiveCfg = Debug|Any CPU
		{B8DF8BBA-C5EA-4809-AA63-0A779861478B}.Debug|x64.Build.0 = Debug|Any CPU
		{B8DF8BBA-C5EA-4809-AA63-0A779861478B}.Debug|x86.ActiveCfg = Debug|Any CPU
		{B8DF8BBA-C5EA-4809-AA63-0A779861478B}.Debug|x86.Build.0 = Debug|Any CPU
		{B8DF8BBA-C5EA-4809-AA63-0A779861478B}.Release|Any CPU.ActiveCfg = Release|Any CPU
		{B8DF8BBA-C5EA-4809-AA63-0A779861478B}.Release|Any CPU.Build.0 = Release|Any CPU
		{B8DF8BBA-C5EA-4809-AA63-0A779861478B}.Release|ARM.ActiveCfg = Release|Any CPU
		{B8DF8BBA-C5EA-4809-AA63-0A779861478B}.Release|ARM.Build.0 = Release|Any CPU
		{B8DF8BBA-C5EA-4809-AA63-0A779861478B}.Release|iPhone.ActiveCfg = Release|Any CPU
		{B8DF8BBA-C5EA-4809-AA63-0A779861478B}.Release|iPhone.Build.0 = Release|Any CPU
		{B8DF8BBA-C5EA-4809-AA63-0A779861478B}.Release|iPhoneSimulator.ActiveCfg = Release|Any CPU
		{B8DF8BBA-C5EA-4809-AA63-0A779861478B}.Release|iPhoneSimulator.Build.0 = Release|Any CPU
		{B8DF8BBA-C5EA-4809-AA63-0A779861478B}.Release|x64.ActiveCfg = Release|Any CPU
		{B8DF8BBA-C5EA-4809-AA63-0A779861478B}.Release|x64.Build.0 = Release|Any CPU
		{B8DF8BBA-C5EA-4809-AA63-0A779861478B}.Release|x86.ActiveCfg = Release|Any CPU
		{B8DF8BBA-C5EA-4809-AA63-0A779861478B}.Release|x86.Build.0 = Release|Any CPU
		{84B4A6C4-4A95-4DD1-994E-2675FC93E017}.Ad-Hoc|Any CPU.ActiveCfg = Release|x86
		{84B4A6C4-4A95-4DD1-994E-2675FC93E017}.Ad-Hoc|Any CPU.Build.0 = Release|x86
		{84B4A6C4-4A95-4DD1-994E-2675FC93E017}.Ad-Hoc|Any CPU.Deploy.0 = Release|x86
		{84B4A6C4-4A95-4DD1-994E-2675FC93E017}.Ad-Hoc|ARM.ActiveCfg = Release|ARM
		{84B4A6C4-4A95-4DD1-994E-2675FC93E017}.Ad-Hoc|ARM.Build.0 = Release|ARM
		{84B4A6C4-4A95-4DD1-994E-2675FC93E017}.Ad-Hoc|ARM.Deploy.0 = Release|ARM
		{84B4A6C4-4A95-4DD1-994E-2675FC93E017}.Ad-Hoc|iPhone.ActiveCfg = Release|x86
		{84B4A6C4-4A95-4DD1-994E-2675FC93E017}.Ad-Hoc|iPhone.Build.0 = Release|x86
		{84B4A6C4-4A95-4DD1-994E-2675FC93E017}.Ad-Hoc|iPhone.Deploy.0 = Release|x86
		{84B4A6C4-4A95-4DD1-994E-2675FC93E017}.Ad-Hoc|iPhoneSimulator.ActiveCfg = Release|x86
		{84B4A6C4-4A95-4DD1-994E-2675FC93E017}.Ad-Hoc|iPhoneSimulator.Build.0 = Release|x86
		{84B4A6C4-4A95-4DD1-994E-2675FC93E017}.Ad-Hoc|iPhoneSimulator.Deploy.0 = Release|x86
		{84B4A6C4-4A95-4DD1-994E-2675FC93E017}.Ad-Hoc|x64.ActiveCfg = Release|x64
		{84B4A6C4-4A95-4DD1-994E-2675FC93E017}.Ad-Hoc|x64.Build.0 = Release|x64
		{84B4A6C4-4A95-4DD1-994E-2675FC93E017}.Ad-Hoc|x64.Deploy.0 = Release|x64
		{84B4A6C4-4A95-4DD1-994E-2675FC93E017}.Ad-Hoc|x86.ActiveCfg = Release|x86
		{84B4A6C4-4A95-4DD1-994E-2675FC93E017}.Ad-Hoc|x86.Build.0 = Release|x86
		{84B4A6C4-4A95-4DD1-994E-2675FC93E017}.Ad-Hoc|x86.Deploy.0 = Release|x86
		{84B4A6C4-4A95-4DD1-994E-2675FC93E017}.AppStore|Any CPU.ActiveCfg = Release|x86
		{84B4A6C4-4A95-4DD1-994E-2675FC93E017}.AppStore|Any CPU.Build.0 = Release|x86
		{84B4A6C4-4A95-4DD1-994E-2675FC93E017}.AppStore|Any CPU.Deploy.0 = Release|x86
		{84B4A6C4-4A95-4DD1-994E-2675FC93E017}.AppStore|ARM.ActiveCfg = Release|ARM
		{84B4A6C4-4A95-4DD1-994E-2675FC93E017}.AppStore|ARM.Build.0 = Release|ARM
		{84B4A6C4-4A95-4DD1-994E-2675FC93E017}.AppStore|ARM.Deploy.0 = Release|ARM
		{84B4A6C4-4A95-4DD1-994E-2675FC93E017}.AppStore|iPhone.ActiveCfg = Release|x86
		{84B4A6C4-4A95-4DD1-994E-2675FC93E017}.AppStore|iPhone.Build.0 = Release|x86
		{84B4A6C4-4A95-4DD1-994E-2675FC93E017}.AppStore|iPhone.Deploy.0 = Release|x86
		{84B4A6C4-4A95-4DD1-994E-2675FC93E017}.AppStore|iPhoneSimulator.ActiveCfg = Release|x86
		{84B4A6C4-4A95-4DD1-994E-2675FC93E017}.AppStore|iPhoneSimulator.Build.0 = Release|x86
		{84B4A6C4-4A95-4DD1-994E-2675FC93E017}.AppStore|iPhoneSimulator.Deploy.0 = Release|x86
		{84B4A6C4-4A95-4DD1-994E-2675FC93E017}.AppStore|x64.ActiveCfg = Release|x64
		{84B4A6C4-4A95-4DD1-994E-2675FC93E017}.AppStore|x64.Build.0 = Release|x64
		{84B4A6C4-4A95-4DD1-994E-2675FC93E017}.AppStore|x64.Deploy.0 = Release|x64
		{84B4A6C4-4A95-4DD1-994E-2675FC93E017}.AppStore|x86.ActiveCfg = Release|x86
		{84B4A6C4-4A95-4DD1-994E-2675FC93E017}.AppStore|x86.Build.0 = Release|x86
		{84B4A6C4-4A95-4DD1-994E-2675FC93E017}.AppStore|x86.Deploy.0 = Release|x86
		{84B4A6C4-4A95-4DD1-994E-2675FC93E017}.Debug|Any CPU.ActiveCfg = Debug|x86
		{84B4A6C4-4A95-4DD1-994E-2675FC93E017}.Debug|ARM.ActiveCfg = Debug|ARM
		{84B4A6C4-4A95-4DD1-994E-2675FC93E017}.Debug|ARM.Build.0 = Debug|ARM
		{84B4A6C4-4A95-4DD1-994E-2675FC93E017}.Debug|ARM.Deploy.0 = Debug|ARM
		{84B4A6C4-4A95-4DD1-994E-2675FC93E017}.Debug|iPhone.ActiveCfg = Debug|x86
		{84B4A6C4-4A95-4DD1-994E-2675FC93E017}.Debug|iPhoneSimulator.ActiveCfg = Debug|x86
		{84B4A6C4-4A95-4DD1-994E-2675FC93E017}.Debug|x64.ActiveCfg = Debug|x64
		{84B4A6C4-4A95-4DD1-994E-2675FC93E017}.Debug|x64.Build.0 = Debug|x64
		{84B4A6C4-4A95-4DD1-994E-2675FC93E017}.Debug|x64.Deploy.0 = Debug|x64
		{84B4A6C4-4A95-4DD1-994E-2675FC93E017}.Debug|x86.ActiveCfg = Debug|x86
		{84B4A6C4-4A95-4DD1-994E-2675FC93E017}.Debug|x86.Build.0 = Debug|x86
		{84B4A6C4-4A95-4DD1-994E-2675FC93E017}.Debug|x86.Deploy.0 = Debug|x86
		{84B4A6C4-4A95-4DD1-994E-2675FC93E017}.Release|Any CPU.ActiveCfg = Release|x86
		{84B4A6C4-4A95-4DD1-994E-2675FC93E017}.Release|ARM.ActiveCfg = Release|ARM
		{84B4A6C4-4A95-4DD1-994E-2675FC93E017}.Release|ARM.Build.0 = Release|ARM
		{84B4A6C4-4A95-4DD1-994E-2675FC93E017}.Release|ARM.Deploy.0 = Release|ARM
		{84B4A6C4-4A95-4DD1-994E-2675FC93E017}.Release|iPhone.ActiveCfg = Release|x86
		{84B4A6C4-4A95-4DD1-994E-2675FC93E017}.Release|iPhoneSimulator.ActiveCfg = Release|x86
		{84B4A6C4-4A95-4DD1-994E-2675FC93E017}.Release|x64.ActiveCfg = Release|x64
		{84B4A6C4-4A95-4DD1-994E-2675FC93E017}.Release|x64.Build.0 = Release|x64
		{84B4A6C4-4A95-4DD1-994E-2675FC93E017}.Release|x64.Deploy.0 = Release|x64
		{84B4A6C4-4A95-4DD1-994E-2675FC93E017}.Release|x86.ActiveCfg = Release|x86
		{84B4A6C4-4A95-4DD1-994E-2675FC93E017}.Release|x86.Build.0 = Release|x86
		{84B4A6C4-4A95-4DD1-994E-2675FC93E017}.Release|x86.Deploy.0 = Release|x86
		{EDEC3A7A-547F-4C77-A308-6F8E8E91D7E4}.Ad-Hoc|Any CPU.ActiveCfg = Ad-Hoc|iPhone
		{EDEC3A7A-547F-4C77-A308-6F8E8E91D7E4}.Ad-Hoc|ARM.ActiveCfg = Ad-Hoc|iPhone
		{EDEC3A7A-547F-4C77-A308-6F8E8E91D7E4}.Ad-Hoc|iPhone.ActiveCfg = Ad-Hoc|iPhone
		{EDEC3A7A-547F-4C77-A308-6F8E8E91D7E4}.Ad-Hoc|iPhone.Build.0 = Ad-Hoc|iPhone
		{EDEC3A7A-547F-4C77-A308-6F8E8E91D7E4}.Ad-Hoc|iPhoneSimulator.ActiveCfg = Ad-Hoc|iPhoneSimulator
		{EDEC3A7A-547F-4C77-A308-6F8E8E91D7E4}.Ad-Hoc|iPhoneSimulator.Build.0 = Ad-Hoc|iPhoneSimulator
		{EDEC3A7A-547F-4C77-A308-6F8E8E91D7E4}.Ad-Hoc|x64.ActiveCfg = Ad-Hoc|iPhone
		{EDEC3A7A-547F-4C77-A308-6F8E8E91D7E4}.Ad-Hoc|x86.ActiveCfg = Ad-Hoc|iPhone
		{EDEC3A7A-547F-4C77-A308-6F8E8E91D7E4}.AppStore|Any CPU.ActiveCfg = AppStore|iPhone
		{EDEC3A7A-547F-4C77-A308-6F8E8E91D7E4}.AppStore|ARM.ActiveCfg = AppStore|iPhone
		{EDEC3A7A-547F-4C77-A308-6F8E8E91D7E4}.AppStore|iPhone.ActiveCfg = AppStore|iPhone
		{EDEC3A7A-547F-4C77-A308-6F8E8E91D7E4}.AppStore|iPhone.Build.0 = AppStore|iPhone
		{EDEC3A7A-547F-4C77-A308-6F8E8E91D7E4}.AppStore|iPhoneSimulator.ActiveCfg = AppStore|iPhoneSimulator
		{EDEC3A7A-547F-4C77-A308-6F8E8E91D7E4}.AppStore|iPhoneSimulator.Build.0 = AppStore|iPhoneSimulator
		{EDEC3A7A-547F-4C77-A308-6F8E8E91D7E4}.AppStore|x64.ActiveCfg = AppStore|iPhone
		{EDEC3A7A-547F-4C77-A308-6F8E8E91D7E4}.AppStore|x86.ActiveCfg = AppStore|iPhone
		{EDEC3A7A-547F-4C77-A308-6F8E8E91D7E4}.Debug|Any CPU.ActiveCfg = Debug|iPhone
		{EDEC3A7A-547F-4C77-A308-6F8E8E91D7E4}.Debug|ARM.ActiveCfg = Debug|iPhone
		{EDEC3A7A-547F-4C77-A308-6F8E8E91D7E4}.Debug|iPhone.ActiveCfg = Debug|iPhone
		{EDEC3A7A-547F-4C77-A308-6F8E8E91D7E4}.Debug|iPhone.Build.0 = Debug|iPhone
		{EDEC3A7A-547F-4C77-A308-6F8E8E91D7E4}.Debug|iPhoneSimulator.ActiveCfg = Debug|iPhoneSimulator
		{EDEC3A7A-547F-4C77-A308-6F8E8E91D7E4}.Debug|iPhoneSimulator.Build.0 = Debug|iPhoneSimulator
		{EDEC3A7A-547F-4C77-A308-6F8E8E91D7E4}.Debug|x64.ActiveCfg = Debug|iPhone
		{EDEC3A7A-547F-4C77-A308-6F8E8E91D7E4}.Debug|x86.ActiveCfg = Debug|iPhone
		{EDEC3A7A-547F-4C77-A308-6F8E8E91D7E4}.Release|Any CPU.ActiveCfg = Release|iPhone
		{EDEC3A7A-547F-4C77-A308-6F8E8E91D7E4}.Release|ARM.ActiveCfg = Release|iPhone
		{EDEC3A7A-547F-4C77-A308-6F8E8E91D7E4}.Release|iPhone.ActiveCfg = Release|iPhone
		{EDEC3A7A-547F-4C77-A308-6F8E8E91D7E4}.Release|iPhone.Build.0 = Release|iPhone
		{EDEC3A7A-547F-4C77-A308-6F8E8E91D7E4}.Release|iPhoneSimulator.ActiveCfg = Release|iPhoneSimulator
		{EDEC3A7A-547F-4C77-A308-6F8E8E91D7E4}.Release|iPhoneSimulator.Build.0 = Release|iPhoneSimulator
		{EDEC3A7A-547F-4C77-A308-6F8E8E91D7E4}.Release|x64.ActiveCfg = Release|iPhone
		{EDEC3A7A-547F-4C77-A308-6F8E8E91D7E4}.Release|x86.ActiveCfg = Release|iPhone
	EndGlobalSection
	GlobalSection(SolutionProperties) = preSolution
		HideSolutionNode = FALSE
	EndGlobalSection
	GlobalSection(ExtensibilityGlobals) = postSolution
		SolutionGuid = {524C8FFD-9855-4DE8-A5BD-5E63E0CD2031}
	EndGlobalSection
EndGlobal
